
Microsoft Visual Studio Solution File, Format Version 12.00
# Visual Studio 15
VisualStudioVersion = 15.0.27703.2042
MinimumVisualStudioVersion = 10.0.40219.1
Project("{888888A0-9F3D-457C-B088-3A5042F75D52}") = "Splat", "Splat.pyproj", "{4826CECF-77C2-42F6-8F70-2A83F003B3CE}"
EndProject
Global
	GlobalSection(SolutionConfigurationPlatforms) = preSolution
		Debug|Any CPU = Debug|Any CPU
		Release|Any CPU = Release|Any CPU
	EndGlobalSection
	GlobalSection(ProjectConfigurationPlatforms) = postSolution
		{4826CECF-77C2-42F6-8F70-2A83F003B3CE}.Debug|Any CPU.ActiveCfg = Debug|Any CPU
		{4826CECF-77C2-42F6-8F70-2A83F003B3CE}.Release|Any CPU.ActiveCfg = Release|Any CPU
	EndGlobalSection
	GlobalSection(SolutionProperties) = preSolution
		HideSolutionNode = FALSE
	EndGlobalSection
	GlobalSection(ExtensibilityGlobals) = postSolution
		SolutionGuid = {27CDF0C6-6A48-477F-BC88-7F9F5E9AA19D}
	EndGlobalSection
EndGlobal
